
Microsoft Visual Studio Solution File, Format Version 12.00
# Visual Studio Version 16
VisualStudioVersion = 16.0.810.11
MinimumVisualStudioVersion = 10.0.40219.1
Project("{FAE04EC0-301F-11D3-BF4B-00C04F79EFBC}") = "ShellTest.Android", "ShellTest.Android\ShellTest.Android.csproj", "{64CBB618-682B-4F4E-A175-F17BC14371C1}"
EndProject
Project("{FAE04EC0-301F-11D3-BF4B-00C04F79EFBC}") = "ShellTest.iOS", "ShellTest.iOS\ShellTest.iOS.csproj", "{93E81233-70F7-4535-971B-E53975FD885C}"
EndProject
Project("{FAE04EC0-301F-11D3-BF4B-00C04F79EFBC}") = "ShellTest", "ShellTest\ShellTest.csproj", "{4B1E336F-65B8-429A-A058-366BFD2CA937}"
EndProject
Global
	GlobalSection(SolutionConfigurationPlatforms) = preSolution
		Debug|Any CPU = Debug|Any CPU
		Release|Any CPU = Release|Any CPU
		Debug|iPhoneSimulator = Debug|iPhoneSimulator
		Release|iPhoneSimulator = Release|iPhoneSimulator
		Debug|iPhone = Debug|iPhone
		Release|iPhone = Release|iPhone
	EndGlobalSection
	GlobalSection(ProjectConfigurationPlatforms) = postSolution
		{64CBB618-682B-4F4E-A175-F17BC14371C1}.Debug|Any CPU.ActiveCfg = Debug|Any CPU
		{64CBB618-682B-4F4E-A175-F17BC14371C1}.Debug|Any CPU.Build.0 = Debug|Any CPU
		{64CBB618-682B-4F4E-A175-F17BC14371C1}.Release|Any CPU.ActiveCfg = Release|Any CPU
		{64CBB618-682B-4F4E-A175-F17BC14371C1}.Release|Any CPU.Build.0 = Release|Any CPU
		{64CBB618-682B-4F4E-A175-F17BC14371C1}.Debug|iPhoneSimulator.ActiveCfg = Debug|Any CPU
		{64CBB618-682B-4F4E-A175-F17BC14371C1}.Debug|iPhoneSimulator.Build.0 = Debug|Any CPU
		{64CBB618-682B-4F4E-A175-F17BC14371C1}.Release|iPhoneSimulator.ActiveCfg = Release|Any CPU
		{64CBB618-682B-4F4E-A175-F17BC14371C1}.Release|iPhoneSimulator.Build.0 = Release|Any CPU
		{64CBB618-682B-4F4E-A175-F17BC14371C1}.Debug|iPhone.ActiveCfg = Debug|Any CPU
		{64CBB618-682B-4F4E-A175-F17BC14371C1}.Debug|iPhone.Build.0 = Debug|Any CPU
		{64CBB618-682B-4F4E-A175-F17BC14371C1}.Release|iPhone.ActiveCfg = Release|Any CPU
		{64CBB618-682B-4F4E-A175-F17BC14371C1}.Release|iPhone.Build.0 = Release|Any CPU
		{93E81233-70F7-4535-971B-E53975FD885C}.Debug|Any CPU.ActiveCfg = Debug|iPhoneSimulator
		{93E81233-70F7-4535-971B-E53975FD885C}.Debug|Any CPU.Build.0 = Debug|iPhoneSimulator
		{93E81233-70F7-4535-971B-E53975FD885C}.Release|Any CPU.ActiveCfg = Release|iPhoneSimulator
		{93E81233-70F7-4535-971B-E53975FD885C}.Release|Any CPU.Build.0 = Release|iPhoneSimulator
		{93E81233-70F7-4535-971B-E53975FD885C}.Debug|iPhoneSimulator.ActiveCfg = Debug|iPhoneSimulator
		{93E81233-70F7-4535-971B-E53975FD885C}.Debug|iPhoneSimulator.Build.0 = Debug|iPhoneSimulator
		{93E81233-70F7-4535-971B-E53975FD885C}.Release|iPhoneSimulator.ActiveCfg = Release|iPhoneSimulator
		{93E81233-70F7-4535-971B-E53975FD885C}.Release|iPhoneSimulator.Build.0 = Release|iPhoneSimulator
		{93E81233-70F7-4535-971B-E53975FD885C}.Debug|iPhone.ActiveCfg = Debug|iPhone
		{93E81233-70F7-4535-971B-E53975FD885C}.Debug|iPhone.Build.0 = Debug|iPhone
		{93E81233-70F7-4535-971B-E53975FD885C}.Release|iPhone.ActiveCfg = Release|iPhone
		{93E81233-70F7-4535-971B-E53975FD885C}.Release|iPhone.Build.0 = Release|iPhone
		{4B1E336F-65B8-429A-A058-366BFD2CA937}.Debug|Any CPU.ActiveCfg = Debug|Any CPU
		{4B1E336F-65B8-429A-A058-366BFD2CA937}.Debug|Any CPU.Build.0 = Debug|Any CPU
		{4B1E336F-65B8-429A-A058-366BFD2CA937}.Release|Any CPU.ActiveCfg = Release|Any CPU
		{4B1E336F-65B8-429A-A058-366BFD2CA937}.Release|Any CPU.Build.0 = Release|Any CPU
		{4B1E336F-65B8-429A-A058-366BFD2CA937}.Debug|iPhoneSimulator.ActiveCfg = Debug|Any CPU
		{4B1E336F-65B8-429A-A058-366BFD2CA937}.Debug|iPhoneSimulator.Build.0 = Debug|Any CPU
		{4B1E336F-65B8-429A-A058-366BFD2CA937}.Release|iPhoneSimulator.ActiveCfg = Release|Any CPU
		{4B1E336F-65B8-429A-A058-366BFD2CA937}.Release|iPhoneSimulator.Build.0 = Release|Any CPU
		{4B1E336F-65B8-429A-A058-366BFD2CA937}.Debug|iPhone.ActiveCfg = Debug|Any CPU
		{4B1E336F-65B8-429A-A058-366BFD2CA937}.Debug|iPhone.Build.0 = Debug|Any CPU
		{4B1E336F-65B8-429A-A058-366BFD2CA937}.Release|iPhone.ActiveCfg = Release|Any CPU
		{4B1E336F-65B8-429A-A058-366BFD2CA937}.Release|iPhone.Build.0 = Release|Any CPU
	EndGlobalSection
	GlobalSection(SolutionProperties) = preSolution
		HideSolutionNode = FALSE
	EndGlobalSection
	GlobalSection(ExtensibilityGlobals) = postSolution
		SolutionGuid = {BD12153C-BEF7-4A0A-9C62-13C9D6BC02D3}
	EndGlobalSection
EndGlobal
